
Microsoft Visual Studio Solution File, Format Version 12.00
# Visual Studio Version 17
VisualStudioVersion = 17.8.34330.188
MinimumVisualStudioVersion = 10.0.40219.1
Project("{FAE04EC0-301F-11D3-BF4B-00C04F79EFBC}") = "AgendamentoConsultaVeterinaria", "AgendamentoConsultaVeterinaria\AgendamentoConsultaVeterinaria.csproj", "{32F6274D-DB0B-43FB-A8F0-DC26BEBE90B8}"
EndProject
Global
	GlobalSection(SolutionConfigurationPlatforms) = preSolution
		Debug|Any CPU = Debug|Any CPU
		Release|Any CPU = Release|Any CPU
	EndGlobalSection
	GlobalSection(ProjectConfigurationPlatforms) = postSolution
		{32F6274D-DB0B-43FB-A8F0-DC26BEBE90B8}.Debug|Any CPU.ActiveCfg = Debug|Any CPU
		{32F6274D-DB0B-43FB-A8F0-DC26BEBE90B8}.Debug|Any CPU.Build.0 = Debug|Any CPU
		{32F6274D-DB0B-43FB-A8F0-DC26BEBE90B8}.Release|Any CPU.ActiveCfg = Release|Any CPU
		{32F6274D-DB0B-43FB-A8F0-DC26BEBE90B8}.Release|Any CPU.Build.0 = Release|Any CPU
	EndGlobalSection
	GlobalSection(SolutionProperties) = preSolution
		HideSolutionNode = FALSE
	EndGlobalSection
	GlobalSection(ExtensibilityGlobals) = postSolution
		SolutionGuid = {12597ADC-413D-4D1E-A228-6FD5C028281A}
	EndGlobalSection
EndGlobal
